{
  "name": "chat-app",
  "version": "1.0.0",
  "lockfileVersion": 3,
  "requires": true,
  "packages": {
    "": {
      "name": "chat-app",
      "version": "1.0.0",
      "license": "ISC",
      "devDependencies": {
        "daisyui": "^5.0.16"
      }
    },
    "node_modules/daisyui": {
      "version": "5.0.16",
      "resolved": "https://registry.npmjs.org/daisyui/-/daisyui-5.0.16.tgz",
      "integrity": "sha512-MQiZQ21+r91zrKv3fxDOF56dzkfrr2FyXOaR/1T4f9AIeI/ilkc0i+UqOIE/VqjIfkWyq+wBPmBcyIf6iPJpYQ==",
      "dev": true,
      "license": "MIT",
      "funding": {
        "url": "https://github.com/saadeghi/daisyui?sponsor=1"
      }
    }
  }
}
